
Microsoft Visual Studio Solution File, Format Version 12.00
# Visual Studio Version 17
VisualStudioVersion = 17.8.34330.188
MinimumVisualStudioVersion = 10.0.40219.1
Project("{8BC9CEB8-8B4A-11D0-8D11-00A0C91BC942}") = "01图像像素的逻辑操作", "01图像像素的逻辑操作\01图像像素的逻辑操作.vcxproj", "{738845CE-8964-4314-B1BA-40CCDF4A4EA6}"
EndProject
Project("{8BC9CEB8-8B4A-11D0-8D11-00A0C91BC942}") = "02通道分离与合并", "02通道分离与合并\02通道分离与合并.vcxproj", "{9709707C-3FCC-4F6B-8334-595B4C192DA2}"
EndProject
Project("{8BC9CEB8-8B4A-11D0-8D11-00A0C91BC942}") = "03图像色彩空间转换-进阶", "03图像色彩空间转换-进阶\03图像色彩空间转换-进阶.vcxproj", "{22FD224F-5DC0-439E-867B-6DE129913AB6}"
EndProject
Project("{8BC9CEB8-8B4A-11D0-8D11-00A0C91BC942}") = "04图像像素值统计", "04图像像素值统计\04图像像素值统计.vcxproj", "{A0EDCD3B-E5D0-4A94-8829-0D9AFDEF3744}"
EndProject
Project("{8BC9CEB8-8B4A-11D0-8D11-00A0C91BC942}") = "05图像几何形状绘制", "05图像几何形状绘制\05图像几何形状绘制.vcxproj", "{4C8E5651-CA48-4751-ACA3-29F59F0CDAFE}"
EndProject
Project("{8BC9CEB8-8B4A-11D0-8D11-00A0C91BC942}") = "06随机数与随机颜色", "06随机数与随机颜色\06随机数与随机颜色.vcxproj", "{66CA7855-A528-41F8-97D9-E94DF94F8BEC}"
EndProject
Project("{8BC9CEB8-8B4A-11D0-8D11-00A0C91BC942}") = "07多边形填充与绘制", "07多边形填充与绘制\07多边形填充与绘制.vcxproj", "{4AC3D19D-810E-4D3F-9EF6-FEC28A1E1A0B}"
EndProject
Project("{8BC9CEB8-8B4A-11D0-8D11-00A0C91BC942}") = "08鼠标操作与响应", "08鼠标操作与响应\08鼠标操作与响应.vcxproj", "{1E531D37-CD1E-47CD-B508-043129A8961A}"
EndProject
Project("{8BC9CEB8-8B4A-11D0-8D11-00A0C91BC942}") = "09图像像素类型转换与归一化", "09图像像素类型转换与归一化\09图像像素类型转换与归一化.vcxproj", "{0875FD7B-75A1-47A0-8AA4-0E4E954C745F}"
EndProject
Project("{8BC9CEB8-8B4A-11D0-8D11-00A0C91BC942}") = "10图像放缩与插值", "10图像放缩与插值\10图像放缩与插值.vcxproj", "{C54D1A98-BD0D-4DAE-81EB-70F99B0BEF0A}"
EndProject
Project("{8BC9CEB8-8B4A-11D0-8D11-00A0C91BC942}") = "11图像翻转", "11图像翻转\11图像翻转.vcxproj", "{263B68F6-3627-4424-B248-4B9DDB28043C}"
EndProject
Project("{8BC9CEB8-8B4A-11D0-8D11-00A0C91BC942}") = "12图像旋转", "12图像旋转\12图像旋转.vcxproj", "{A6ED0060-6F1C-4385-A88F-E57B596FDF7C}"
EndProject
Global
	GlobalSection(SolutionConfigurationPlatforms) = preSolution
		Debug|x64 = Debug|x64
		Debug|x86 = Debug|x86
		Release|x64 = Release|x64
		Release|x86 = Release|x86
	EndGlobalSection
	GlobalSection(ProjectConfigurationPlatforms) = postSolution
		{738845CE-8964-4314-B1BA-40CCDF4A4EA6}.Debug|x64.ActiveCfg = Debug|x64
		{738845CE-8964-4314-B1BA-40CCDF4A4EA6}.Debug|x64.Build.0 = Debug|x64
		{738845CE-8964-4314-B1BA-40CCDF4A4EA6}.Debug|x86.ActiveCfg = Debug|Win32
		{738845CE-8964-4314-B1BA-40CCDF4A4EA6}.Debug|x86.Build.0 = Debug|Win32
		{738845CE-8964-4314-B1BA-40CCDF4A4EA6}.Release|x64.ActiveCfg = Release|x64
		{738845CE-8964-4314-B1BA-40CCDF4A4EA6}.Release|x64.Build.0 = Release|x64
		{738845CE-8964-4314-B1BA-40CCDF4A4EA6}.Release|x86.ActiveCfg = Release|Win32
		{738845CE-8964-4314-B1BA-40CCDF4A4EA6}.Release|x86.Build.0 = Release|Win32
		{9709707C-3FCC-4F6B-8334-595B4C192DA2}.Debug|x64.ActiveCfg = Debug|x64
		{9709707C-3FCC-4F6B-8334-595B4C192DA2}.Debug|x64.Build.0 = Debug|x64
		{9709707C-3FCC-4F6B-8334-595B4C192DA2}.Debug|x86.ActiveCfg = Debug|Win32
		{9709707C-3FCC-4F6B-8334-595B4C192DA2}.Debug|x86.Build.0 = Debug|Win32
		{9709707C-3FCC-4F6B-8334-595B4C192DA2}.Release|x64.ActiveCfg = Release|x64
		{9709707C-3FCC-4F6B-8334-595B4C192DA2}.Release|x64.Build.0 = Release|x64
		{9709707C-3FCC-4F6B-8334-595B4C192DA2}.Release|x86.ActiveCfg = Release|Win32
		{9709707C-3FCC-4F6B-8334-595B4C192DA2}.Release|x86.Build.0 = Release|Win32
		{22FD224F-5DC0-439E-867B-6DE129913AB6}.Debug|x64.ActiveCfg = Debug|x64
		{22FD224F-5DC0-439E-867B-6DE129913AB6}.Debug|x64.Build.0 = Debug|x64
		{22FD224F-5DC0-439E-867B-6DE129913AB6}.Debug|x86.ActiveCfg = Debug|Win32
		{22FD224F-5DC0-439E-867B-6DE129913AB6}.Debug|x86.Build.0 = Debug|Win32
		{22FD224F-5DC0-439E-867B-6DE129913AB6}.Release|x64.ActiveCfg = Release|x64
		{22FD224F-5DC0-439E-867B-6DE129913AB6}.Release|x64.Build.0 = Release|x64
		{22FD224F-5DC0-439E-867B-6DE129913AB6}.Release|x86.ActiveCfg = Release|Win32
		{22FD224F-5DC0-439E-867B-6DE129913AB6}.Release|x86.Build.0 = Release|Win32
		{A0EDCD3B-E5D0-4A94-8829-0D9AFDEF3744}.Debug|x64.ActiveCfg = Debug|x64
		{A0EDCD3B-E5D0-4A94-8829-0D9AFDEF3744}.Debug|x64.Build.0 = Debug|x64
		{A0EDCD3B-E5D0-4A94-8829-0D9AFDEF3744}.Debug|x86.ActiveCfg = Debug|Win32
		{A0EDCD3B-E5D0-4A94-8829-0D9AFDEF3744}.Debug|x86.Build.0 = Debug|Win32
		{A0EDCD3B-E5D0-4A94-8829-0D9AFDEF3744}.Release|x64.ActiveCfg = Release|x64
		{A0EDCD3B-E5D0-4A94-8829-0D9AFDEF3744}.Release|x64.Build.0 = Release|x64
		{A0EDCD3B-E5D0-4A94-8829-0D9AFDEF3744}.Release|x86.ActiveCfg = Release|Win32
		{A0EDCD3B-E5D0-4A94-8829-0D9AFDEF3744}.Release|x86.Build.0 = Release|Win32
		{4C8E5651-CA48-4751-ACA3-29F59F0CDAFE}.Debug|x64.ActiveCfg = Debug|x64
		{4C8E5651-CA48-4751-ACA3-29F59F0CDAFE}.Debug|x64.Build.0 = Debug|x64
		{4C8E5651-CA48-4751-ACA3-29F59F0CDAFE}.Debug|x86.ActiveCfg = Debug|Win32
		{4C8E5651-CA48-4751-ACA3-29F59F0CDAFE}.Debug|x86.Build.0 = Debug|Win32
		{4C8E5651-CA48-4751-ACA3-29F59F0CDAFE}.Release|x64.ActiveCfg = Release|x64
		{4C8E5651-CA48-4751-ACA3-29F59F0CDAFE}.Release|x64.Build.0 = Release|x64
		{4C8E5651-CA48-4751-ACA3-29F59F0CDAFE}.Release|x86.ActiveCfg = Release|Win32
		{4C8E5651-CA48-4751-ACA3-29F59F0CDAFE}.Release|x86.Build.0 = Release|Win32
		{66CA7855-A528-41F8-97D9-E94DF94F8BEC}.Debug|x64.ActiveCfg = Debug|x64
		{66CA7855-A528-41F8-97D9-E94DF94F8BEC}.Debug|x64.Build.0 = Debug|x64
		{66CA7855-A528-41F8-97D9-E94DF94F8BEC}.Debug|x86.ActiveCfg = Debug|Win32
		{66CA7855-A528-41F8-97D9-E94DF94F8BEC}.Debug|x86.Build.0 = Debug|Win32
		{66CA7855-A528-41F8-97D9-E94DF94F8BEC}.Release|x64.ActiveCfg = Release|x64
		{66CA7855-A528-41F8-97D9-E94DF94F8BEC}.Release|x64.Build.0 = Release|x64
		{66CA7855-A528-41F8-97D9-E94DF94F8BEC}.Release|x86.ActiveCfg = Release|Win32
		{66CA7855-A528-41F8-97D9-E94DF94F8BEC}.Release|x86.Build.0 = Release|Win32
		{4AC3D19D-810E-4D3F-9EF6-FEC28A1E1A0B}.Debug|x64.ActiveCfg = Debug|x64
		{4AC3D19D-810E-4D3F-9EF6-FEC28A1E1A0B}.Debug|x64.Build.0 = Debug|x64
		{4AC3D19D-810E-4D3F-9EF6-FEC28A1E1A0B}.Debug|x86.ActiveCfg = Debug|Win32
		{4AC3D19D-810E-4D3F-9EF6-FEC28A1E1A0B}.Debug|x86.Build.0 = Debug|Win32
		{4AC3D19D-810E-4D3F-9EF6-FEC28A1E1A0B}.Release|x64.ActiveCfg = Release|x64
		{4AC3D19D-810E-4D3F-9EF6-FEC28A1E1A0B}.Release|x64.Build.0 = Release|x64
		{4AC3D19D-810E-4D3F-9EF6-FEC28A1E1A0B}.Release|x86.ActiveCfg = Release|Win32
		{4AC3D19D-810E-4D3F-9EF6-FEC28A1E1A0B}.Release|x86.Build.0 = Release|Win32
		{1E531D37-CD1E-47CD-B508-043129A8961A}.Debug|x64.ActiveCfg = Debug|x64
		{1E531D37-CD1E-47CD-B508-043129A8961A}.Debug|x64.Build.0 = Debug|x64
		{1E531D37-CD1E-47CD-B508-043129A8961A}.Debug|x86.ActiveCfg = Debug|Win32
		{1E531D37-CD1E-47CD-B508-043129A8961A}.Debug|x86.Build.0 = Debug|Win32
		{1E531D37-CD1E-47CD-B508-043129A8961A}.Release|x64.ActiveCfg = Release|x64
		{1E531D37-CD1E-47CD-B508-043129A8961A}.Release|x64.Build.0 = Release|x64
		{1E531D37-CD1E-47CD-B508-043129A8961A}.Release|x86.ActiveCfg = Release|Win32
		{1E531D37-CD1E-47CD-B508-043129A8961A}.Release|x86.Build.0 = Release|Win32
		{0875FD7B-75A1-47A0-8AA4-0E4E954C745F}.Debug|x64.ActiveCfg = Debug|x64
		{0875FD7B-75A1-47A0-8AA4-0E4E954C745F}.Debug|x64.Build.0 = Debug|x64
		{0875FD7B-75A1-47A0-8AA4-0E4E954C745F}.Debug|x86.ActiveCfg = Debug|Win32
		{0875FD7B-75A1-47A0-8AA4-0E4E954C745F}.Debug|x86.Build.0 = Debug|Win32
		{0875FD7B-75A1-47A0-8AA4-0E4E954C745F}.Release|x64.ActiveCfg = Release|x64
		{0875FD7B-75A1-47A0-8AA4-0E4E954C745F}.Release|x64.Build.0 = Release|x64
		{0875FD7B-75A1-47A0-8AA4-0E4E954C745F}.Release|x86.ActiveCfg = Release|Win32
		{0875FD7B-75A1-47A0-8AA4-0E4E954C745F}.Release|x86.Build.0 = Release|Win32
		{C54D1A98-BD0D-4DAE-81EB-70F99B0BEF0A}.Debug|x64.ActiveCfg = Debug|x64
		{C54D1A98-BD0D-4DAE-81EB-70F99B0BEF0A}.Debug|x64.Build.0 = Debug|x64
		{C54D1A98-BD0D-4DAE-81EB-70F99B0BEF0A}.Debug|x86.ActiveCfg = Debug|Win32
		{C54D1A98-BD0D-4DAE-81EB-70F99B0BEF0A}.Debug|x86.Build.0 = Debug|Win32
		{C54D1A98-BD0D-4DAE-81EB-70F99B0BEF0A}.Release|x64.ActiveCfg = Release|x64
		{C54D1A98-BD0D-4DAE-81EB-70F99B0BEF0A}.Release|x64.Build.0 = Release|x64
		{C54D1A98-BD0D-4DAE-81EB-70F99B0BEF0A}.Release|x86.ActiveCfg = Release|Win32
		{C54D1A98-BD0D-4DAE-81EB-70F99B0BEF0A}.Release|x86.Build.0 = Release|Win32
		{263B68F6-3627-4424-B248-4B9DDB28043C}.Debug|x64.ActiveCfg = Debug|x64
		{263B68F6-3627-4424-B248-4B9DDB28043C}.Debug|x64.Build.0 = Debug|x64
		{263B68F6-3627-4424-B248-4B9DDB28043C}.Debug|x86.ActiveCfg = Debug|Win32
		{263B68F6-3627-4424-B248-4B9DDB28043C}.Debug|x86.Build.0 = Debug|Win32
		{263B68F6-3627-4424-B248-4B9DDB28043C}.Release|x64.ActiveCfg = Release|x64
		{263B68F6-3627-4424-B248-4B9DDB28043C}.Release|x64.Build.0 = Release|x64
		{263B68F6-3627-4424-B248-4B9DDB28043C}.Release|x86.ActiveCfg = Release|Win32
		{263B68F6-3627-4424-B248-4B9DDB28043C}.Release|x86.Build.0 = Release|Win32
		{A6ED0060-6F1C-4385-A88F-E57B596FDF7C}.Debug|x64.ActiveCfg = Debug|x64
		{A6ED0060-6F1C-4385-A88F-E57B596FDF7C}.Debug|x64.Build.0 = Debug|x64
		{A6ED0060-6F1C-4385-A88F-E57B596FDF7C}.Debug|x86.ActiveCfg = Debug|Win32
		{A6ED0060-6F1C-4385-A88F-E57B596FDF7C}.Debug|x86.Build.0 = Debug|Win32
		{A6ED0060-6F1C-4385-A88F-E57B596FDF7C}.Release|x64.ActiveCfg = Release|x64
		{A6ED0060-6F1C-4385-A88F-E57B596FDF7C}.Release|x64.Build.0 = Release|x64
		{A6ED0060-6F1C-4385-A88F-E57B596FDF7C}.Release|x86.ActiveCfg = Release|Win32
		{A6ED0060-6F1C-4385-A88F-E57B596FDF7C}.Release|x86.Build.0 = Release|Win32
	EndGlobalSection
	GlobalSection(SolutionProperties) = preSolution
		HideSolutionNode = FALSE
	EndGlobalSection
	GlobalSection(ExtensibilityGlobals) = postSolution
		SolutionGuid = {C8B0CDF0-8292-46B5-82DF-E0529603EB64}
	EndGlobalSection
EndGlobal
